// !$*UTF8*$!
{
	archiveVersion = 1;
	classes = {
	};
	objectVersion = 46;
	objects = {

/* Begin PBXBuildFile section */
		AB1C675C20B253E8002D98E2 /* Reachability.swift in Sources */ = {isa = PBXBuildFile; fileRef = AB1C675A20B253E8002D98E2 /* Reachability.swift */; };
		AB1C675D20B253E8002D98E2 /* ReachabilityManager.swift in Sources */ = {isa = PBXBuildFile; fileRef = AB1C675B20B253E8002D98E2 /* ReachabilityManager.swift */; };
		AB31E24D1970021C908887F6 /* Pods_QRCodeReader.framework in Frameworks */ = {isa = PBXBuildFile; fileRef = CE34CA534454C7A2DEDABB12 /* Pods_QRCodeReader.framework */; };
		AB8AA9F220A5551700845A1D /* AboutTableViewController.swift in Sources */ = {isa = PBXBuildFile; fileRef = AB8AA9F120A5551700845A1D /* AboutTableViewController.swift */; };
		ABA7F05620A43430008E749D /* Utilities.swift in Sources */ = {isa = PBXBuildFile; fileRef = ABA7F05520A43430008E749D /* Utilities.swift */; };
		ABA7F05820A44AD1008E749D /* DetailQRViewController.swift in Sources */ = {isa = PBXBuildFile; fileRef = ABA7F05720A44AD1008E749D /* DetailQRViewController.swift */; };
		ABFCCE3F20A533C700A9AA87 /* CustomControl.swift in Sources */ = {isa = PBXBuildFile; fileRef = ABFCCE3E20A533C600A9AA87 /* CustomControl.swift */; };
		F4F09DB71DAF669400026BB2 /* AppDelegate.swift in Sources */ = {isa = PBXBuildFile; fileRef = F4F09DB61DAF669400026BB2 /* AppDelegate.swift */; };
		F4F09DBC1DAF669400026BB2 /* Main.storyboard in Resources */ = {isa = PBXBuildFile; fileRef = F4F09DBA1DAF669400026BB2 /* Main.storyboard */; };
		F4F09DBE1DAF669400026BB2 /* Assets.xcassets in Resources */ = {isa = PBXBuildFile; fileRef = F4F09DBD1DAF669400026BB2 /* Assets.xcassets */; };
		F4F09DC11DAF669400026BB2 /* LaunchScreen.storyboard in Resources */ = {isa = PBXBuildFile; fileRef = F4F09DBF1DAF669400026BB2 /* LaunchScreen.storyboard */; };
		F4F09DC91DAF6A3800026BB2 /* QRCodeViewController.swift in Sources */ = {isa = PBXBuildFile; fileRef = F4F09DC81DAF6A3800026BB2 /* QRCodeViewController.swift */; };
		F4F09DCB1DAF6A4F00026BB2 /* QRScannerController.swift in Sources */ = {isa = PBXBuildFile; fileRef = F4F09DCA1DAF6A4F00026BB2 /* QRScannerController.swift */; };
/* End PBXBuildFile section */

/* Begin PBXFileReference section */
		3EA65C2BDD39B76D7B3D7109 /* Pods-QRCodeReader.release.xcconfig */ = {isa = PBXFileReference; includeInIndex = 1; lastKnownFileType = text.xcconfig; name = "Pods-QRCodeReader.release.xcconfig"; path = "Pods/Target Support Files/Pods-QRCodeReader/Pods-QRCodeReader.release.xcconfig"; sourceTree = "<group>"; };
		AB1C675A20B253E8002D98E2 /* Reachability.swift */ = {isa = PBXFileReference; fileEncoding = 4; lastKnownFileType = sourcecode.swift; path = Reachability.swift; sourceTree = "<group>"; };
		AB1C675B20B253E8002D98E2 /* ReachabilityManager.swift */ = {isa = PBXFileReference; fileEncoding = 4; lastKnownFileType = sourcecode.swift; path = ReachabilityManager.swift; sourceTree = "<group>"; };
		AB8AA9F120A5551700845A1D /* AboutTableViewController.swift */ = {isa = PBXFileReference; lastKnownFileType = sourcecode.swift; path = AboutTableViewController.swift; sourceTree = "<group>"; };
		ABA7F05520A43430008E749D /* Utilities.swift */ = {isa = PBXFileReference; lastKnownFileType = sourcecode.swift; path = Utilities.swift; sourceTree = "<group>"; };
		ABA7F05720A44AD1008E749D /* DetailQRViewController.swift */ = {isa = PBXFileReference; lastKnownFileType = sourcecode.swift; path = DetailQRViewController.swift; sourceTree = "<group>"; };
		ABFCCE3E20A533C600A9AA87 /* CustomControl.swift */ = {isa = PBXFileReference; fileEncoding = 4; lastKnownFileType = sourcecode.swift; path = CustomControl.swift; sourceTree = "<group>"; };
		C2A864758F62BDCA4632C7E0 /* Pods-QRCodeReader.debug.xcconfig */ = {isa = PBXFileReference; includeInIndex = 1; lastKnownFileType = text.xcconfig; name = "Pods-QRCodeReader.debug.xcconfig"; path = "Pods/Target Support Files/Pods-QRCodeReader/Pods-QRCodeReader.debug.xcconfig"; sourceTree = "<group>"; };
		CE34CA534454C7A2DEDABB12 /* Pods_QRCodeReader.framework */ = {isa = PBXFileReference; explicitFileType = wrapper.framework; includeInIndex = 0; path = Pods_QRCodeReader.framework; sourceTree = BUILT_PRODUCTS_DIR; };
		F4F09DB31DAF669400026BB2 /* QRCodeReader.app */ = {isa = PBXFileReference; explicitFileType = wrapper.application; includeInIndex = 0; path = QRCodeReader.app; sourceTree = BUILT_PRODUCTS_DIR; };
		F4F09DB61DAF669400026BB2 /* AppDelegate.swift */ = {isa = PBXFileReference; lastKnownFileType = sourcecode.swift; path = AppDelegate.swift; sourceTree = "<group>"; };
		F4F09DBB1DAF669400026BB2 /* Base */ = {isa = PBXFileReference; lastKnownFileType = file.storyboard; name = Base; path = Base.lproj/Main.storyboard; sourceTree = "<group>"; };
		F4F09DBD1DAF669400026BB2 /* Assets.xcassets */ = {isa = PBXFileReference; lastKnownFileType = folder.assetcatalog; path = Assets.xcassets; sourceTree = "<group>"; };
		F4F09DC01DAF669400026BB2 /* Base */ = {isa = PBXFileReference; lastKnownFileType = file.storyboard; name = Base; path = Base.lproj/LaunchScreen.storyboard; sourceTree = "<group>"; };
		F4F09DC21DAF669400026BB2 /* Info.plist */ = {isa = PBXFileReference; lastKnownFileType = text.plist.xml; path = Info.plist; sourceTree = "<group>"; };
		F4F09DC81DAF6A3800026BB2 /* QRCodeViewController.swift */ = {isa = PBXFileReference; fileEncoding = 4; lastKnownFileType = sourcecode.swift; path = QRCodeViewController.swift; sourceTree = "<group>"; };
		F4F09DCA1DAF6A4F00026BB2 /* QRScannerController.swift */ = {isa = PBXFileReference; fileEncoding = 4; lastKnownFileType = sourcecode.swift; path = QRScannerController.swift; sourceTree = "<group>"; };
/* End PBXFileReference section */

/* Begin PBXFrameworksBuildPhase section */
		F4F09DB01DAF669400026BB2 /* Frameworks */ = {
			isa = PBXFrameworksBuildPhase;
			buildActionMask = 2147483647;
			files = (
				AB31E24D1970021C908887F6 /* Pods_QRCodeReader.framework in Frameworks */,
			);
			runOnlyForDeploymentPostprocessing = 0;
		};
/* End PBXFrameworksBuildPhase section */

/* Begin PBXGroup section */
		4E070FB9DABF728CF36C1A32 /* Pods */ = {
			isa = PBXGroup;
			children = (
				C2A864758F62BDCA4632C7E0 /* Pods-QRCodeReader.debug.xcconfig */,
				3EA65C2BDD39B76D7B3D7109 /* Pods-QRCodeReader.release.xcconfig */,
			);
			name = Pods;
			sourceTree = "<group>";
		};
		AB1C675E20B2C284002D98E2 /* Utilities */ = {
			isa = PBXGroup;
			children = (
				AB1C675A20B253E8002D98E2 /* Reachability.swift */,
				AB1C675B20B253E8002D98E2 /* ReachabilityManager.swift */,
				ABFCCE3E20A533C600A9AA87 /* CustomControl.swift */,
				ABA7F05520A43430008E749D /* Utilities.swift */,
			);
			path = Utilities;
			sourceTree = "<group>";
		};
		BE6D40D30353355FC9D706C0 /* Frameworks */ = {
			isa = PBXGroup;
			children = (
				CE34CA534454C7A2DEDABB12 /* Pods_QRCodeReader.framework */,
			);
			name = Frameworks;
			sourceTree = "<group>";
		};
		F4F09DAA1DAF669400026BB2 = {
			isa = PBXGroup;
			children = (
				F4F09DB51DAF669400026BB2 /* QRCodeReader */,
				F4F09DB41DAF669400026BB2 /* Products */,
				4E070FB9DABF728CF36C1A32 /* Pods */,
				BE6D40D30353355FC9D706C0 /* Frameworks */,
			);
			sourceTree = "<group>";
		};
		F4F09DB41DAF669400026BB2 /* Products */ = {
			isa = PBXGroup;
			children = (
				F4F09DB31DAF669400026BB2 /* QRCodeReader.app */,
			);
			name = Products;
			sourceTree = "<group>";
		};
		F4F09DB51DAF669400026BB2 /* QRCodeReader */ = {
			isa = PBXGroup;
			children = (
				F4F09DB61DAF669400026BB2 /* AppDelegate.swift */,
				F4F09DBA1DAF669400026BB2 /* Main.storyboard */,
				F4F09DBD1DAF669400026BB2 /* Assets.xcassets */,
				F4F09DBF1DAF669400026BB2 /* LaunchScreen.storyboard */,
				F4F09DC21DAF669400026BB2 /* Info.plist */,
				F4F09DC81DAF6A3800026BB2 /* QRCodeViewController.swift */,
				AB1C675E20B2C284002D98E2 /* Utilities */,
				AB8AA9F120A5551700845A1D /* AboutTableViewController.swift */,
				ABA7F05720A44AD1008E749D /* DetailQRViewController.swift */,
				F4F09DCA1DAF6A4F00026BB2 /* QRScannerController.swift */,
			);
			path = QRCodeReader;
			sourceTree = "<group>";
		};
/* End PBXGroup section */

/* Begin PBXNativeTarget section */
		F4F09DB21DAF669400026BB2 /* QRCodeReader */ = {
			isa = PBXNativeTarget;
			buildConfigurationList = F4F09DC51DAF669400026BB2 /* Build configuration list for PBXNativeTarget "QRCodeReader" */;
			buildPhases = (
				BEDABC3A493FB6C63B248D49 /* [CP] Check Pods Manifest.lock */,
				F4F09DAF1DAF669400026BB2 /* Sources */,
				F4F09DB01DAF669400026BB2 /* Frameworks */,
				F4F09DB11DAF669400026BB2 /* Resources */,
				4BD0DE38B69F921F593DA9C1 /* [CP] Embed Pods Frameworks */,
			);
			buildRules = (
			);
			dependencies = (
			);
			name = QRCodeReader;
			productName = QRCodeReader;
			productReference = F4F09DB31DAF669400026BB2 /* QRCodeReader.app */;
			productType = "com.apple.product-type.application";
		};
/* End PBXNativeTarget section */

/* Begin PBXProject section */
		F4F09DAB1DAF669400026BB2 /* Project object */ = {
			isa = PBXProject;
			attributes = {
				LastSwiftUpdateCheck = 0800;
				LastUpgradeCheck = 0910;
				ORGANIZATIONNAME = DaraPO;
				TargetAttributes = {
					F4F09DB21DAF669400026BB2 = {
						CreatedOnToolsVersion = 8.0;
						DevelopmentTeam = X9F742DGBP;
						LastSwiftMigration = 0910;
						ProvisioningStyle = Automatic;
					};
				};
			};
			buildConfigurationList = F4F09DAE1DAF669400026BB2 /* Build configuration list for PBXProject "QRCodeReader" */;
			compatibilityVersion = "Xcode 3.2";
			developmentRegion = English;
			hasScannedForEncodings = 0;
			knownRegions = (
				en,
				Base,
			);
			mainGroup = F4F09DAA1DAF669400026BB2;
			productRefGroup = F4F09DB41DAF669400026BB2 /* Products */;
			projectDirPath = "";
			projectRoot = "";
			targets = (
				F4F09DB21DAF669400026BB2 /* QRCodeReader */,
			);
		};
/* End PBXProject section */

/* Begin PBXResourcesBuildPhase section */
		F4F09DB11DAF669400026BB2 /* Resources */ = {
			isa = PBXResourcesBuildPhase;
			buildActionMask = 2147483647;
			files = (
				F4F09DC11DAF669400026BB2 /* LaunchScreen.storyboard in Resources */,
				F4F09DBE1DAF669400026BB2 /* Assets.xcassets in Resources */,
				F4F09DBC1DAF669400026BB2 /* Main.storyboard in Resources */,
			);
			runOnlyForDeploymentPostprocessing = 0;
		};
/* End PBXResourcesBuildPhase section */

/* Begin PBXShellScriptBuildPhase section */
		4BD0DE38B69F921F593DA9C1 /* [CP] Embed Pods Frameworks */ = {
			isa = PBXShellScriptBuildPhase;
			buildActionMask = 2147483647;
			files = (
			);
			inputPaths = (
				"${SRCROOT}/Pods/Target Support Files/Pods-QRCodeReader/Pods-QRCodeReader-frameworks.sh",
				"${BUILT_PRODUCTS_DIR}/Alamofire/Alamofire.framework",
				"${BUILT_PRODUCTS_DIR}/BulletinBoard/BulletinBoard.framework",
				"${BUILT_PRODUCTS_DIR}/SwiftyJSON/SwiftyJSON.framework",
			);
			name = "[CP] Embed Pods Frameworks";
			outputPaths = (
				"${TARGET_BUILD_DIR}/${FRAMEWORKS_FOLDER_PATH}/Alamofire.framework",
				"${TARGET_BUILD_DIR}/${FRAMEWORKS_FOLDER_PATH}/BulletinBoard.framework",
				"${TARGET_BUILD_DIR}/${FRAMEWORKS_FOLDER_PATH}/SwiftyJSON.framework",
			);
			runOnlyForDeploymentPostprocessing = 0;
			shellPath = /bin/sh;
			shellScript = "\"${SRCROOT}/Pods/Target Support Files/Pods-QRCodeReader/Pods-QRCodeReader-frameworks.sh\"\n";
			showEnvVarsInLog = 0;
		};
		BEDABC3A493FB6C63B248D49 /* [CP] Check Pods Manifest.lock */ = {
			isa = PBXShellScriptBuildPhase;
			buildActionMask = 2147483647;
			files = (
			);
			inputPaths = (
				"${PODS_PODFILE_DIR_PATH}/Podfile.lock",
				"${PODS_ROOT}/Manifest.lock",
			);
			name = "[CP] Check Pods Manifest.lock";
			outputPaths = (
				"$(DERIVED_FILE_DIR)/Pods-QRCodeReader-checkManifestLockResult.txt",
			);
			runOnlyForDeploymentPostprocessing = 0;
			shellPath = /bin/sh;
			shellScript = "diff \"${PODS_PODFILE_DIR_PATH}/Podfile.lock\" \"${PODS_ROOT}/Manifest.lock\" > /dev/null\nif [ $? != 0 ] ; then\n    # print error to STDERR\n    echo \"error: The sandbox is not in sync with the Podfile.lock. Run 'pod install' or update your CocoaPods installation.\" >&2\n    exit 1\nfi\n# This output is used by Xcode 'outputs' to avoid re-running this script phase.\necho \"SUCCESS\" > \"${SCRIPT_OUTPUT_FILE_0}\"\n";
			showEnvVarsInLog = 0;
		};
/* End PBXShellScriptBuildPhase section */

/* Begin PBXSourcesBuildPhase section */
		F4F09DAF1DAF669400026BB2 /* Sources */ = {
			isa = PBXSourcesBuildPhase;
			buildActionMask = 2147483647;
			files = (
				ABA7F05820A44AD1008E749D /* DetailQRViewController.swift in Sources */,
				F4F09DC91DAF6A3800026BB2 /* QRCodeViewController.swift in Sources */,
				F4F09DB71DAF669400026BB2 /* AppDelegate.swift in Sources */,
				ABA7F05620A43430008E749D /* Utilities.swift in Sources */,
				AB1C675D20B253E8002D98E2 /* ReachabilityManager.swift in Sources */,
				AB8AA9F220A5551700845A1D /* AboutTableViewController.swift in Sources */,
				ABFCCE3F20A533C700A9AA87 /* CustomControl.swift in Sources */,
				AB1C675C20B253E8002D98E2 /* Reachability.swift in Sources */,
				F4F09DCB1DAF6A4F00026BB2 /* QRScannerController.swift in Sources */,
			);
			runOnlyForDeploymentPostprocessing = 0;
		};
/* End PBXSourcesBuildPhase section */

/* Begin PBXVariantGroup section */
		F4F09DBA1DAF669400026BB2 /* Main.storyboard */ = {
			isa = PBXVariantGroup;
			children = (
				F4F09DBB1DAF669400026BB2 /* Base */,
			);
			name = Main.storyboard;
			sourceTree = "<group>";
		};
		F4F09DBF1DAF669400026BB2 /* LaunchScreen.storyboard */ = {
			isa = PBXVariantGroup;
			children = (
				F4F09DC01DAF669400026BB2 /* Base */,
			);
			name = LaunchScreen.storyboard;
			sourceTree = "<group>";
		};
/* End PBXVariantGroup section */

/* Begin XCBuildConfiguration section */
		F4F09DC31DAF669400026BB2 /* Debug */ = {
			isa = XCBuildConfiguration;
			buildSettings = {
				ALWAYS_SEARCH_USER_PATHS = NO;
				CLANG_ANALYZER_NONNULL = YES;
				CLANG_CXX_LANGUAGE_STANDARD = "gnu++0x";
				CLANG_CXX_LIBRARY = "libc++";
				CLANG_ENABLE_MODULES = YES;
				CLANG_ENABLE_OBJC_ARC = YES;
				CLANG_WARN_BLOCK_CAPTURE_AUTORELEASING = YES;
				CLANG_WARN_BOOL_CONVERSION = YES;
				CLANG_WARN_COMMA = YES;
				CLANG_WARN_CONSTANT_CONVERSION = YES;
				CLANG_WARN_DIRECT_OBJC_ISA_USAGE = YES_ERROR;
				CLANG_WARN_DOCUMENTATION_COMMENTS = YES;
				CLANG_WARN_EMPTY_BODY = YES;
				CLANG_WARN_ENUM_CONVERSION = YES;
				CLANG_WARN_INFINITE_RECURSION = YES;
				CLANG_WARN_INT_CONVERSION = YES;
				CLANG_WARN_NON_LITERAL_NULL_CONVERSION = YES;
				CLANG_WARN_OBJC_LITERAL_CONVERSION = YES;
				CLANG_WARN_OBJC_ROOT_CLASS = YES_ERROR;
				CLANG_WARN_RANGE_LOOP_ANALYSIS = YES;
				CLANG_WARN_STRICT_PROTOTYPES = YES;
				CLANG_WARN_SUSPICIOUS_MOVE = YES;
				CLANG_WARN_SUSPICIOUS_MOVES = YES;
				CLANG_WARN_UNREACHABLE_CODE = YES;
				CLANG_WARN__DUPLICATE_METHOD_MATCH = YES;
				"CODE_SIGN_IDENTITY[sdk=iphoneos*]" = "iPhone Developer";
				COPY_PHASE_STRIP = NO;
				DEBUG_INFORMATION_FORMAT = dwarf;
				ENABLE_STRICT_OBJC_MSGSEND = YES;
				ENABLE_TESTABILITY = YES;
				GCC_C_LANGUAGE_STANDARD = gnu99;
				GCC_DYNAMIC_NO_PIC = NO;
				GCC_NO_COMMON_BLOCKS = YES;
				GCC_OPTIMIZATION_LEVEL = 0;
				GCC_PREPROCESSOR_DEFINITIONS = (
					"DEBUG=1",
					"$(inherited)",
				);
				GCC_WARN_64_TO_32_BIT_CONVERSION = YES;
				GCC_WARN_ABOUT_RETURN_TYPE = YES_ERROR;
				GCC_WARN_UNDECLARED_SELECTOR = YES;
				GCC_WARN_UNINITIALIZED_AUTOS = YES_AGGRESSIVE;
				GCC_WARN_UNUSED_FUNCTION = YES;
				GCC_WARN_UNUSED_VARIABLE = YES;
				IPHONEOS_DEPLOYMENT_TARGET = 11.0;
				MTL_ENABLE_DEBUG_INFO = YES;
				ONLY_ACTIVE_ARCH = YES;
				SDKROOT = iphoneos;
				SWIFT_ACTIVE_COMPILATION_CONDITIONS = DEBUG;
				SWIFT_OPTIMIZATION_LEVEL = "-Onone";
				TARGETED_DEVICE_FAMILY = "1,2";
			};
			name = Debug;
		};
		F4F09DC41DAF669400026BB2 /* Release */ = {
			isa = XCBuildConfiguration;
			buildSettings = {
				ALWAYS_SEARCH_USER_PATHS = NO;
				CLANG_ANALYZER_NONNULL = YES;
				CLANG_CXX_LANGUAGE_STANDARD = "gnu++0x";
				CLANG_CXX_LIBRARY = "libc++";
				CLANG_ENABLE_MODULES = YES;
				CLANG_ENABLE_OBJC_ARC = YES;
				CLANG_WARN_BLOCK_CAPTURE_AUTORELEASING = YES;
				CLANG_WARN_BOOL_CONVERSION = YES;
				CLANG_WARN_COMMA = YES;
				CLANG_WARN_CONSTANT_CONVERSION = YES;
				CLANG_WARN_DIRECT_OBJC_ISA_USAGE = YES_ERROR;
				CLANG_WARN_DOCUMENTATION_COMMENTS = YES;
				CLANG_WARN_EMPTY_BODY = YES;
				CLANG_WARN_ENUM_CONVERSION = YES;
				CLANG_WARN_INFINITE_RECURSION = YES;
				CLANG_WARN_INT_CONVERSION = YES;
				CLANG_WARN_NON_LITERAL_NULL_CONVERSION = YES;
				CLANG_WARN_OBJC_LITERAL_CONVERSION = YES;
				CLANG_WARN_OBJC_ROOT_CLASS = YES_ERROR;
				CLANG_WARN_RANGE_LOOP_ANALYSIS = YES;
				CLANG_WARN_STRICT_PROTOTYPES = YES;
				CLANG_WARN_SUSPICIOUS_MOVE = YES;
				CLANG_WARN_SUSPICIOUS_MOVES = YES;
				CLANG_WARN_UNREACHABLE_CODE = YES;
				CLANG_WARN__DUPLICATE_METHOD_MATCH = YES;
				"CODE_SIGN_IDENTITY[sdk=iphoneos*]" = "iPhone Developer";
				COPY_PHASE_STRIP = NO;
				DEBUG_INFORMATION_FORMAT = "dwarf-with-dsym";
				ENABLE_NS_ASSERTIONS = NO;
				ENABLE_STRICT_OBJC_MSGSEND = YES;
				GCC_C_LANGUAGE_STANDARD = gnu99;
				GCC_NO_COMMON_BLOCKS = YES;
				GCC_WARN_64_TO_32_BIT_CONVERSION = YES;
				GCC_WARN_ABOUT_RETURN_TYPE = YES_ERROR;
				GCC_WARN_UNDECLARED_SELECTOR = YES;
				GCC_WARN_UNINITIALIZED_AUTOS = YES_AGGRESSIVE;
				GCC_WARN_UNUSED_FUNCTION = YES;
				GCC_WARN_UNUSED_VARIABLE = YES;
				IPHONEOS_DEPLOYMENT_TARGET = 11.0;
				MTL_ENABLE_DEBUG_INFO = NO;
				SDKROOT = iphoneos;
				SWIFT_OPTIMIZATION_LEVEL = "-Owholemodule";
				TARGETED_DEVICE_FAMILY = "1,2";
				VALIDATE_PRODUCT = YES;
			};
			name = Release;
		};
		F4F09DC61DAF669400026BB2 /* Debug */ = {
			isa = XCBuildConfiguration;
			baseConfigurationReference = C2A864758F62BDCA4632C7E0 /* Pods-QRCodeReader.debug.xcconfig */;
			buildSettings = {
				ASSETCATALOG_COMPILER_APPICON_NAME = AppIcon;
				DEVELOPMENT_TEAM = X9F742DGBP;
				INFOPLIST_FILE = QRCodeReader/Info.plist;
				IPHONEOS_DEPLOYMENT_TARGET = 10.0;
				LD_RUNPATH_SEARCH_PATHS = "$(inherited) @executable_path/Frameworks";
				PRODUCT_BUNDLE_IDENTIFIER = com.dara.POSRedeemTicket;
				PRODUCT_NAME = "$(TARGET_NAME)";
				SWIFT_SWIFT3_OBJC_INFERENCE = Off;
				SWIFT_VERSION = 4.0;
			};
			name = Debug;
		};
		F4F09DC71DAF669400026BB2 /* Release */ = {
			isa = XCBuildConfiguration;
			baseConfigurationReference = 3EA65C2BDD39B76D7B3D7109 /* Pods-QRCodeReader.release.xcconfig */;
			buildSettings = {
				ASSETCATALOG_COMPILER_APPICON_NAME = AppIcon;
				DEVELOPMENT_TEAM = X9F742DGBP;
				INFOPLIST_FILE = QRCodeReader/Info.plist;
				IPHONEOS_DEPLOYMENT_TARGET = 10.0;
				LD_RUNPATH_SEARCH_PATHS = "$(inherited) @executable_path/Frameworks";
				PRODUCT_BUNDLE_IDENTIFIER = com.dara.POSRedeemTicket;
				PRODUCT_NAME = "$(TARGET_NAME)";
				SWIFT_SWIFT3_OBJC_INFERENCE = Off;
				SWIFT_VERSION = 4.0;
			};
			name = Release;
		};
/* End XCBuildConfiguration section */

/* Begin XCConfigurationList section */
		F4F09DAE1DAF669400026BB2 /* Build configuration list for PBXProject "QRCodeReader" */ = {
			isa = XCConfigurationList;
			buildConfigurations = (
				F4F09DC31DAF669400026BB2 /* Debug */,
				F4F09DC41DAF669400026BB2 /* Release */,
			);
			defaultConfigurationIsVisible = 0;
			defaultConfigurationName = Release;
		};
		F4F09DC51DAF669400026BB2 /* Build configuration list for PBXNativeTarget "QRCodeReader" */ = {
			isa = XCConfigurationList;
			buildConfigurations = (
				F4F09DC61DAF669400026BB2 /* Debug */,
				F4F09DC71DAF669400026BB2 /* Release */,
			);
			defaultConfigurationIsVisible = 0;
			defaultConfigurationName = Release;
		};
/* End XCConfigurationList section */
	};
	rootObject = F4F09DAB1DAF669400026BB2 /* Project object */;
}
